PODS:
  - Alamofire (4.5.0)
  - FSCalendar (2.7.9)
  - GoogleMaps (2.4.0):
    - GoogleMaps/Maps (= 2.4.0)
  - GoogleMaps/Base (2.4.0)
  - GoogleMaps/Maps (2.4.0):
    - GoogleMaps/Base
  - GooglePlacePicker (2.4.0):
    - GoogleMaps (= 2.4.0)
    - GooglePlaces (= 2.4.0)
  - GooglePlaces (2.4.0):
    - GoogleMaps/Base (= 2.4.0)
  - MarqueeLabel/Swift (3.1.1)
  - Realm (2.9.1):
    - Realm/Headers (= 2.9.1)
  - Realm/Headers (2.9.1)
  - RealmGeoQueries (1.2):
    - RealmSwift
  - RealmSwift (2.9.1):
    - Realm (= 2.9.1)

DEPENDENCIES:
  - Alamofire
  - FSCalendar
  - GoogleMaps
  - GooglePlacePicker
  - GooglePlaces
  - MarqueeLabel/Swift
  - RealmGeoQueries
  - RealmSwift

SPEC CHECKSUMS:
  Alamofire: f28cdffd29de33a7bfa022cbd63ae95a27fae140
  FSCalendar: a04b09f16f811bc92e82f3cf852a15225233b9d5
  GoogleMaps: 8436ab5d1c25e36915b2f7416d0c8e3fa2e76c61
  GooglePlacePicker: 755f10343d71280c7b016823e73fbae9625dfa8a
  GooglePlaces: aafe5990fa7951e98e078761bbdaaf236d7e0c65
  MarqueeLabel: 17c5148b6f7144498eff5e0d286bd2e7e866f972
  Realm: f91fb43bd474c4f731a116ebf7392c75dd015920
  RealmGeoQueries: 84f2628e2fcc7593a41639c7b8526d6e88a1f071
  RealmSwift: 207f12a4a36b696c5183c60a1c06d70234a23e56

PODFILE CHECKSUM: 2cb5aea84e87b971c8d2224edf7f14e3b02a8a18

COCOAPODS: 1.2.1
