// !$*UTF8*$!
{
	archiveVersion = 1;
	classes = {
	};
	objectVersion = 48;
	objects = {

/* Begin PBXBuildFile section */
		302016231F3C23FA0073A493 /* RealmHelper.swift in Sources */ = {isa = PBXBuildFile; fileRef = 302016221F3C23FA0073A493 /* RealmHelper.swift */; };
		30E82D841F38224B00536AFB /* AppDelegate.swift in Sources */ = {isa = PBXBuildFile; fileRef = 30E82D831F38224B00536AFB /* AppDelegate.swift */; };
		A21981291F3972FC00D0F5F7 /* HistoryCell.swift in Sources */ = {isa = PBXBuildFile; fileRef = A21981281F3972FC00D0F5F7 /* HistoryCell.swift */; };
		A219812B1F39730C00D0F5F7 /* CardView.swift in Sources */ = {isa = PBXBuildFile; fileRef = A219812A1F39730C00D0F5F7 /* CardView.swift */; };
		A219812D1F39771E00D0F5F7 /* HistoryTableViewController.swift in Sources */ = {isa = PBXBuildFile; fileRef = A219812C1F39771E00D0F5F7 /* HistoryTableViewController.swift */; };
		A219812F1F39772700D0F5F7 /* HistoryDetailViewController.swift in Sources */ = {isa = PBXBuildFile; fileRef = A219812E1F39772700D0F5F7 /* HistoryDetailViewController.swift */; };
		A2384C4E1F4D65F100009131 /* WaypointMarker.swift in Sources */ = {isa = PBXBuildFile; fileRef = A2384C4D1F4D65F100009131 /* WaypointMarker.swift */; };
		A2560E931F4975F4003C17C5 /* GraphViewController.swift in Sources */ = {isa = PBXBuildFile; fileRef = A2560E921F4975F4003C17C5 /* GraphViewController.swift */; };
		A258388C1F39A11A00BECEA3 /* Extensions.swift in Sources */ = {isa = PBXBuildFile; fileRef = A258388B1F39A11A00BECEA3 /* Extensions.swift */; };
		A260BF381F49758D0041F77A /* Graph.storyboard in Resources */ = {isa = PBXBuildFile; fileRef = A260BF361F49758D0041F77A /* Graph.storyboard */; };
		A2A299381F3C45D200E31ED9 /* Record.swift in Sources */ = {isa = PBXBuildFile; fileRef = A2A299371F3C45D200E31ED9 /* Record.swift */; };
		A2A2993A1F3C45D700E31ED9 /* Trace.swift in Sources */ = {isa = PBXBuildFile; fileRef = A2A299391F3C45D700E31ED9 /* Trace.swift */; };
		A2A2993D1F3C6CF300E31ED9 /* NavigationManager.swift in Sources */ = {isa = PBXBuildFile; fileRef = A2A2993C1F3C6CF300E31ED9 /* NavigationManager.swift */; };
		A2F35C111F447CF00016F1AF /* AnimatedLabel.swift in Sources */ = {isa = PBXBuildFile; fileRef = A2F35C101F447CF00016F1AF /* AnimatedLabel.swift */; };
		CA581E36F745E69C960E75F5 /* Pods_Bipeople.framework in Frameworks */ = {isa = PBXBuildFile; fileRef = EA1522085776953070CF67BC /* Pods_Bipeople.framework */; };
		F11F51D81F45CD7800429741 /* PlaceDetailViewController.swift in Sources */ = {isa = PBXBuildFile; fileRef = F11F51D71F45CD7800429741 /* PlaceDetailViewController.swift */; };
		F12151F91F5047A6004BE7F9 /* WaypointMarker.xib in Resources */ = {isa = PBXBuildFile; fileRef = F12151F71F504789004BE7F9 /* WaypointMarker.xib */; };
		F135BE8D1F45B4B100F89A53 /* PublicPlace.swift in Sources */ = {isa = PBXBuildFile; fileRef = F135BE8A1F45B34F00F89A53 /* PublicPlace.swift */; };
		F135BE8E1F45B4B100F89A53 /* PublicStore.swift in Sources */ = {isa = PBXBuildFile; fileRef = F135BE891F45B34E00F89A53 /* PublicStore.swift */; };
		F135BE8F1F45B4B100F89A53 /* PublicToilet.swift in Sources */ = {isa = PBXBuildFile; fileRef = F135BE8B1F45B34F00F89A53 /* PublicToilet.swift */; };
		F135BE901F45B4B100F89A53 /* PublicWiFi.swift in Sources */ = {isa = PBXBuildFile; fileRef = F135BE8C1F45B34F00F89A53 /* PublicWiFi.swift */; };
		F13AB3531F3A78AD0038B2CF /* CoreLocation.framework in Frameworks */ = {isa = PBXBuildFile; fileRef = F13AB3521F3A78AD0038B2CF /* CoreLocation.framework */; };
		F144B8CA1F4A9CB00010AE31 /* SpeechHelper.swift in Sources */ = {isa = PBXBuildFile; fileRef = F144B8C91F4A9CB00010AE31 /* SpeechHelper.swift */; };
		F14C71B31F3ED1C6005015B1 /* GeoJSON.swift in Sources */ = {isa = PBXBuildFile; fileRef = F14C71B21F3ED1C6005015B1 /* GeoJSON.swift */; };
		F14C71B51F3ED200005015B1 /* Feature.swift in Sources */ = {isa = PBXBuildFile; fileRef = F14C71B41F3ED200005015B1 /* Feature.swift */; };
		F14C71B71F3F15EF005015B1 /* Geometry.swift in Sources */ = {isa = PBXBuildFile; fileRef = F14C71B61F3F15EF005015B1 /* Geometry.swift */; };
		F14C71B91F3F1627005015B1 /* Properties.swift in Sources */ = {isa = PBXBuildFile; fileRef = F14C71B81F3F1627005015B1 /* Properties.swift */; };
		F176C8381F3D9D70008F39FD /* Assets.xcassets in Resources */ = {isa = PBXBuildFile; fileRef = 30E82D8A1F38224B00536AFB /* Assets.xcassets */; };
		F176C84A1F3D9DDC008F39FD /* History.storyboard in Resources */ = {isa = PBXBuildFile; fileRef = F176C8461F3D9DD9008F39FD /* History.storyboard */; };
		F176C84B1F3D9DDC008F39FD /* LaunchScreen.storyboard in Resources */ = {isa = PBXBuildFile; fileRef = F176C8481F3D9DD9008F39FD /* LaunchScreen.storyboard */; };
		F176C84C1F3D9DDC008F39FD /* Main.storyboard in Resources */ = {isa = PBXBuildFile; fileRef = F176C8421F3D9DD8008F39FD /* Main.storyboard */; };
		F176C84D1F3D9DDC008F39FD /* MarkerInfoWindow.xib in Resources */ = {isa = PBXBuildFile; fileRef = F176C8441F3D9DD9008F39FD /* MarkerInfoWindow.xib */; };
		F176C84E1F3D9DDC008F39FD /* Navigation.storyboard in Resources */ = {isa = PBXBuildFile; fileRef = F176C83E1F3D9DD8008F39FD /* Navigation.storyboard */; };
		F18C67261F3A6C3D00F18762 /* BiPeopleNavigationViewController.swift in Sources */ = {isa = PBXBuildFile; fileRef = F18C67251F3A6C3D00F18762 /* BiPeopleNavigationViewController.swift */; };
		F19060AF1F3C94DE00DB67B8 /* MarkerInfoWindow.swift in Sources */ = {isa = PBXBuildFile; fileRef = F19060AE1F3C94DD00DB67B8 /* MarkerInfoWindow.swift */; };
		F1E1FD4A1F55CD0000B98604 /* GraphView.swift in Sources */ = {isa = PBXBuildFile; fileRef = F1E1FD491F55CD0000B98604 /* GraphView.swift */; };
/* End PBXBuildFile section */

/* Begin PBXFileReference section */
		302016221F3C23FA0073A493 /* RealmHelper.swift */ = {isa = PBXFileReference; lastKnownFileType = sourcecode.swift; path = RealmHelper.swift; sourceTree = "<group>"; };
		30E82D801F38224B00536AFB /* Bipeople.app */ = {isa = PBXFileReference; explicitFileType = wrapper.application; includeInIndex = 0; path = Bipeople.app; sourceTree = BUILT_PRODUCTS_DIR; };
		30E82D831F38224B00536AFB /* AppDelegate.swift */ = {isa = PBXFileReference; lastKnownFileType = sourcecode.swift; path = AppDelegate.swift; sourceTree = "<group>"; };
		30E82D8A1F38224B00536AFB /* Assets.xcassets */ = {isa = PBXFileReference; lastKnownFileType = folder.assetcatalog; path = Assets.xcassets; sourceTree = "<group>"; };
		30E82D8F1F38224B00536AFB /* Info.plist */ = {isa = PBXFileReference; lastKnownFileType = text.plist.xml; path = Info.plist; sourceTree = "<group>"; };
		615E213BC9AF36CE52DAC63F /* Pods-Bipeople.debug.xcconfig */ = {isa = PBXFileReference; includeInIndex = 1; lastKnownFileType = text.xcconfig; name = "Pods-Bipeople.debug.xcconfig"; path = "Pods/Target Support Files/Pods-Bipeople/Pods-Bipeople.debug.xcconfig"; sourceTree = "<group>"; };
		9D8E7CA6306F737B6C7F5B98 /* Pods-Bipeople.release.xcconfig */ = {isa = PBXFileReference; includeInIndex = 1; lastKnownFileType = text.xcconfig; name = "Pods-Bipeople.release.xcconfig"; path = "Pods/Target Support Files/Pods-Bipeople/Pods-Bipeople.release.xcconfig"; sourceTree = "<group>"; };
		A21981281F3972FC00D0F5F7 /* HistoryCell.swift */ = {isa = PBXFileReference; fileEncoding = 4; lastKnownFileType = sourcecode.swift; path = HistoryCell.swift; sourceTree = "<group>"; };
		A219812A1F39730C00D0F5F7 /* CardView.swift */ = {isa = PBXFileReference; fileEncoding = 4; lastKnownFileType = sourcecode.swift; path = CardView.swift; sourceTree = "<group>"; };
		A219812C1F39771E00D0F5F7 /* HistoryTableViewController.swift */ = {isa = PBXFileReference; fileEncoding = 4; lastKnownFileType = sourcecode.swift; path = HistoryTableViewController.swift; sourceTree = "<group>"; };
		A219812E1F39772700D0F5F7 /* HistoryDetailViewController.swift */ = {isa = PBXFileReference; fileEncoding = 4; lastKnownFileType = sourcecode.swift; path = HistoryDetailViewController.swift; sourceTree = "<group>"; };
		A2384C4D1F4D65F100009131 /* WaypointMarker.swift */ = {isa = PBXFileReference; lastKnownFileType = sourcecode.swift; path = WaypointMarker.swift; sourceTree = "<group>"; };
		A2560E921F4975F4003C17C5 /* GraphViewController.swift */ = {isa = PBXFileReference; fileEncoding = 4; lastKnownFileType = sourcecode.swift; path = GraphViewController.swift; sourceTree = "<group>"; };
		A258388B1F39A11A00BECEA3 /* Extensions.swift */ = {isa = PBXFileReference; lastKnownFileType = sourcecode.swift; path = Extensions.swift; sourceTree = "<group>"; };
		A260BF371F49758D0041F77A /* Base */ = {isa = PBXFileReference; lastKnownFileType = file.storyboard; name = Base; path = Base.lproj/Graph.storyboard; sourceTree = "<group>"; };
		A2A299371F3C45D200E31ED9 /* Record.swift */ = {isa = PBXFileReference; lastKnownFileType = sourcecode.swift; path = Record.swift; sourceTree = "<group>"; };
		A2A299391F3C45D700E31ED9 /* Trace.swift */ = {isa = PBXFileReference; lastKnownFileType = sourcecode.swift; path = Trace.swift; sourceTree = "<group>"; };
		A2A2993C1F3C6CF300E31ED9 /* NavigationManager.swift */ = {isa = PBXFileReference; lastKnownFileType = sourcecode.swift; path = NavigationManager.swift; sourceTree = "<group>"; };
		A2F35C101F447CF00016F1AF /* AnimatedLabel.swift */ = {isa = PBXFileReference; lastKnownFileType = sourcecode.swift; path = AnimatedLabel.swift; sourceTree = "<group>"; };
		EA1522085776953070CF67BC /* Pods_Bipeople.framework */ = {isa = PBXFileReference; explicitFileType = wrapper.framework; includeInIndex = 0; path = Pods_Bipeople.framework; sourceTree = BUILT_PRODUCTS_DIR; };
		F11635C61F4D855300B53263 /* ko */ = {isa = PBXFileReference; lastKnownFileType = text.plist.strings; name = ko; path = ko.lproj/LaunchScreen.strings; sourceTree = "<group>"; };
		F11635C71F4D855300B53263 /* ko */ = {isa = PBXFileReference; lastKnownFileType = text.plist.strings; name = ko; path = ko.lproj/Main.strings; sourceTree = "<group>"; };
		F11635C81F4D855300B53263 /* ko */ = {isa = PBXFileReference; lastKnownFileType = text.plist.strings; name = ko; path = ko.lproj/Navigation.strings; sourceTree = "<group>"; };
		F11635C91F4D855300B53263 /* ko */ = {isa = PBXFileReference; lastKnownFileType = text.plist.strings; name = ko; path = ko.lproj/History.strings; sourceTree = "<group>"; };
		F11635CA1F4D855300B53263 /* ko */ = {isa = PBXFileReference; lastKnownFileType = text.plist.strings; name = ko; path = ko.lproj/Graph.strings; sourceTree = "<group>"; };
		F11635CC1F4D855400B53263 /* ko */ = {isa = PBXFileReference; lastKnownFileType = text.plist.strings; name = ko; path = ko.lproj/MarkerInfoWindow.strings; sourceTree = "<group>"; };
		F11F51D71F45CD7800429741 /* PlaceDetailViewController.swift */ = {isa = PBXFileReference; lastKnownFileType = sourcecode.swift; path = PlaceDetailViewController.swift; sourceTree = "<group>"; };
		F120FAC81F45DB7100AF4AB1 /* seoul.gpx */ = {isa = PBXFileReference; lastKnownFileType = text.xml; path = seoul.gpx; sourceTree = "<group>"; };
		F12151F81F504789004BE7F9 /* Base */ = {isa = PBXFileReference; lastKnownFileType = file.xib; name = Base; path = Base.lproj/WaypointMarker.xib; sourceTree = "<group>"; };
		F135BE891F45B34E00F89A53 /* PublicStore.swift */ = {isa = PBXFileReference; lastKnownFileType = sourcecode.swift; path = PublicStore.swift; sourceTree = "<group>"; };
		F135BE8A1F45B34F00F89A53 /* PublicPlace.swift */ = {isa = PBXFileReference; lastKnownFileType = sourcecode.swift; path = PublicPlace.swift; sourceTree = "<group>"; };
		F135BE8B1F45B34F00F89A53 /* PublicToilet.swift */ = {isa = PBXFileReference; lastKnownFileType = sourcecode.swift; path = PublicToilet.swift; sourceTree = "<group>"; };
		F135BE8C1F45B34F00F89A53 /* PublicWiFi.swift */ = {isa = PBXFileReference; lastKnownFileType = sourcecode.swift; path = PublicWiFi.swift; sourceTree = "<group>"; };
		F13AB3521F3A78AD0038B2CF /* CoreLocation.framework */ = {isa = PBXFileReference; lastKnownFileType = wrapper.framework; name = CoreLocation.framework; path = System/Library/Frameworks/CoreLocation.framework; sourceTree = SDKROOT; };
		F144B8C91F4A9CB00010AE31 /* SpeechHelper.swift */ = {isa = PBXFileReference; lastKnownFileType = sourcecode.swift; path = SpeechHelper.swift; sourceTree = "<group>"; };
		F14C71B21F3ED1C6005015B1 /* GeoJSON.swift */ = {isa = PBXFileReference; lastKnownFileType = sourcecode.swift; path = GeoJSON.swift; sourceTree = "<group>"; };
		F14C71B41F3ED200005015B1 /* Feature.swift */ = {isa = PBXFileReference; lastKnownFileType = sourcecode.swift; path = Feature.swift; sourceTree = "<group>"; };
		F14C71B61F3F15EF005015B1 /* Geometry.swift */ = {isa = PBXFileReference; lastKnownFileType = sourcecode.swift; path = Geometry.swift; sourceTree = "<group>"; };
		F14C71B81F3F1627005015B1 /* Properties.swift */ = {isa = PBXFileReference; lastKnownFileType = sourcecode.swift; path = Properties.swift; sourceTree = "<group>"; };
		F176C83F1F3D9DD8008F39FD /* Base */ = {isa = PBXFileReference; lastKnownFileType = file.storyboard; name = Base; path = Base.lproj/Navigation.storyboard; sourceTree = "<group>"; };
		F176C8431F3D9DD8008F39FD /* Base */ = {isa = PBXFileReference; lastKnownFileType = file.storyboard; name = Base; path = Base.lproj/Main.storyboard; sourceTree = "<group>"; };
		F176C8451F3D9DD9008F39FD /* Base */ = {isa = PBXFileReference; lastKnownFileType = file.xib; name = Base; path = Base.lproj/MarkerInfoWindow.xib; sourceTree = "<group>"; };
		F176C8471F3D9DD9008F39FD /* Base */ = {isa = PBXFileReference; lastKnownFileType = file.storyboard; name = Base; path = Base.lproj/History.storyboard; sourceTree = "<group>"; };
		F176C8491F3D9DD9008F39FD /* Base */ = {isa = PBXFileReference; lastKnownFileType = file.storyboard; name = Base; path = Base.lproj/LaunchScreen.storyboard; sourceTree = "<group>"; };
		F18C67251F3A6C3D00F18762 /* BiPeopleNavigationViewController.swift */ = {isa = PBXFileReference; lastKnownFileType = sourcecode.swift; path = BiPeopleNavigationViewController.swift; sourceTree = "<group>"; };
		F19060AE1F3C94DD00DB67B8 /* MarkerInfoWindow.swift */ = {isa = PBXFileReference; lastKnownFileType = sourcecode.swift; path = MarkerInfoWindow.swift; sourceTree = "<group>"; };
		F1E1FD491F55CD0000B98604 /* GraphView.swift */ = {isa = PBXFileReference; lastKnownFileType = sourcecode.swift; path = GraphView.swift; sourceTree = "<group>"; };
/* End PBXFileReference section */

/* Begin PBXFrameworksBuildPhase section */
		30E82D7D1F38224B00536AFB /* Frameworks */ = {
			isa = PBXFrameworksBuildPhase;
			buildActionMask = 2147483647;
			files = (
				F13AB3531F3A78AD0038B2CF /* CoreLocation.framework in Frameworks */,
				CA581E36F745E69C960E75F5 /* Pods_Bipeople.framework in Frameworks */,
			);
			runOnlyForDeploymentPostprocessing = 0;
		};
/* End PBXFrameworksBuildPhase section */

/* Begin PBXGroup section */
		2AB0F81C88CFCBD3BE4DF3AD /* Pods */ = {
			isa = PBXGroup;
			children = (
				615E213BC9AF36CE52DAC63F /* Pods-Bipeople.debug.xcconfig */,
				9D8E7CA6306F737B6C7F5B98 /* Pods-Bipeople.release.xcconfig */,
			);
			name = Pods;
			sourceTree = "<group>";
		};
		30E82D771F38224B00536AFB = {
			isa = PBXGroup;
			children = (
				30E82D821F38224B00536AFB /* Bipeople */,
				30E82D811F38224B00536AFB /* Products */,
				2AB0F81C88CFCBD3BE4DF3AD /* Pods */,
				8D2DA249BBD82F00E069ED2A /* Frameworks */,
			);
			sourceTree = "<group>";
		};
		30E82D811F38224B00536AFB /* Products */ = {
			isa = PBXGroup;
			children = (
				30E82D801F38224B00536AFB /* Bipeople.app */,
			);
			name = Products;
			sourceTree = "<group>";
		};
		30E82D821F38224B00536AFB /* Bipeople */ = {
			isa = PBXGroup;
			children = (
				F120FAC81F45DB7100AF4AB1 /* seoul.gpx */,
				30E82DAB1F38235E00536AFB /* Resources */,
				30E82D831F38224B00536AFB /* AppDelegate.swift */,
				A2F35C101F447CF00016F1AF /* AnimatedLabel.swift */,
				A219812A1F39730C00D0F5F7 /* CardView.swift */,
				302016221F3C23FA0073A493 /* RealmHelper.swift */,
				F144B8C91F4A9CB00010AE31 /* SpeechHelper.swift */,
				A258388B1F39A11A00BECEA3 /* Extensions.swift */,
				A2A2993B1F3C45DF00E31ED9 /* Model */,
				30E82D971F38227500536AFB /* Navigation */,
				30E82D961F38226D00536AFB /* History */,
				A2560E911F4975E0003C17C5 /* Graph */,
				30E82DA61F38230C00536AFB /* Settings */,
			);
			path = Bipeople;
			sourceTree = "<group>";
		};
		30E82D961F38226D00536AFB /* History */ = {
			isa = PBXGroup;
			children = (
				A21981281F3972FC00D0F5F7 /* HistoryCell.swift */,
				A219812C1F39771E00D0F5F7 /* HistoryTableViewController.swift */,
				A219812E1F39772700D0F5F7 /* HistoryDetailViewController.swift */,
			);
			name = History;
			sourceTree = "<group>";
		};
		30E82D971F38227500536AFB /* Navigation */ = {
			isa = PBXGroup;
			children = (
				F18C67251F3A6C3D00F18762 /* BiPeopleNavigationViewController.swift */,
				A2A2993C1F3C6CF300E31ED9 /* NavigationManager.swift */,
				F11F51D71F45CD7800429741 /* PlaceDetailViewController.swift */,
				F19060AE1F3C94DD00DB67B8 /* MarkerInfoWindow.swift */,
				A2384C4D1F4D65F100009131 /* WaypointMarker.swift */,
			);
			name = Navigation;
			sourceTree = "<group>";
		};
		30E82DA61F38230C00536AFB /* Settings */ = {
			isa = PBXGroup;
			children = (
			);
			name = Settings;
			sourceTree = "<group>";
		};
		30E82DAB1F38235E00536AFB /* Resources */ = {
			isa = PBXGroup;
			children = (
				F176C8481F3D9DD9008F39FD /* LaunchScreen.storyboard */,
				F176C8421F3D9DD8008F39FD /* Main.storyboard */,
				F176C83E1F3D9DD8008F39FD /* Navigation.storyboard */,
				F176C8461F3D9DD9008F39FD /* History.storyboard */,
				A260BF361F49758D0041F77A /* Graph.storyboard */,
				F176C8441F3D9DD9008F39FD /* MarkerInfoWindow.xib */,
				F12151F71F504789004BE7F9 /* WaypointMarker.xib */,
				30E82D8A1F38224B00536AFB /* Assets.xcassets */,
				30E82D8F1F38224B00536AFB /* Info.plist */,
			);
			name = Resources;
			sourceTree = "<group>";
		};
		8D2DA249BBD82F00E069ED2A /* Frameworks */ = {
			isa = PBXGroup;
			children = (
				F13AB3521F3A78AD0038B2CF /* CoreLocation.framework */,
				EA1522085776953070CF67BC /* Pods_Bipeople.framework */,
			);
			name = Frameworks;
			sourceTree = "<group>";
		};
		A2560E911F4975E0003C17C5 /* Graph */ = {
			isa = PBXGroup;
			children = (
				A2560E921F4975F4003C17C5 /* GraphViewController.swift */,
				F1E1FD491F55CD0000B98604 /* GraphView.swift */,
			);
			name = Graph;
			sourceTree = "<group>";
		};
		A2A2993B1F3C45DF00E31ED9 /* Model */ = {
			isa = PBXGroup;
			children = (
				A2A299371F3C45D200E31ED9 /* Record.swift */,
				A2A299391F3C45D700E31ED9 /* Trace.swift */,
				F14C71B21F3ED1C6005015B1 /* GeoJSON.swift */,
				F14C71B41F3ED200005015B1 /* Feature.swift */,
				F14C71B61F3F15EF005015B1 /* Geometry.swift */,
				F14C71B81F3F1627005015B1 /* Properties.swift */,
				F135BE8A1F45B34F00F89A53 /* PublicPlace.swift */,
				F135BE891F45B34E00F89A53 /* PublicStore.swift */,
				F135BE8B1F45B34F00F89A53 /* PublicToilet.swift */,
				F135BE8C1F45B34F00F89A53 /* PublicWiFi.swift */,
			);
			name = Model;
			sourceTree = "<group>";
		};
/* End PBXGroup section */

/* Begin PBXNativeTarget section */
		30E82D7F1F38224B00536AFB /* Bipeople */ = {
			isa = PBXNativeTarget;
			buildConfigurationList = 30E82D921F38224B00536AFB /* Build configuration list for PBXNativeTarget "Bipeople" */;
			buildPhases = (
				7588AF5C94F67D9DB5B185BC /* [CP] Check Pods Manifest.lock */,
				30E82D7C1F38224B00536AFB /* Sources */,
				30E82D7D1F38224B00536AFB /* Frameworks */,
				30E82D7E1F38224B00536AFB /* Resources */,
				4B40915EB17413FB7590EBC2 /* [CP] Embed Pods Frameworks */,
				15C4A209F1BBF9D9B000DCAB /* [CP] Copy Pods Resources */,
			);
			buildRules = (
			);
			dependencies = (
			);
			name = Bipeople;
			productName = Bipeople;
			productReference = 30E82D801F38224B00536AFB /* Bipeople.app */;
			productType = "com.apple.product-type.application";
		};
/* End PBXNativeTarget section */

/* Begin PBXProject section */
		30E82D781F38224B00536AFB /* Project object */ = {
			isa = PBXProject;
			attributes = {
				KnownAssetTags = (
					New,
				);
				LastSwiftUpdateCheck = 0830;
				LastUpgradeCheck = 0900;
				ORGANIZATIONNAME = BluPotato;
				TargetAttributes = {
					30E82D7F1F38224B00536AFB = {
						CreatedOnToolsVersion = 8.3.2;
						LastSwiftMigration = 0900;
						ProvisioningStyle = Automatic;
						SystemCapabilities = {
							com.apple.BackgroundModes = {
								enabled = 1;
							};
						};
					};
				};
			};
			buildConfigurationList = 30E82D7B1F38224B00536AFB /* Build configuration list for PBXProject "Bipeople" */;
			compatibilityVersion = "Xcode 8.0";
			developmentRegion = English;
			hasScannedForEncodings = 0;
			knownRegions = (
				Base,
			);
			mainGroup = 30E82D771F38224B00536AFB;
			productRefGroup = 30E82D811F38224B00536AFB /* Products */;
			projectDirPath = "";
			projectRoot = "";
			targets = (
				30E82D7F1F38224B00536AFB /* Bipeople */,
			);
		};
/* End PBXProject section */

/* Begin PBXResourcesBuildPhase section */
		30E82D7E1F38224B00536AFB /* Resources */ = {
			isa = PBXResourcesBuildPhase;
			buildActionMask = 2147483647;
			files = (
				F12151F91F5047A6004BE7F9 /* WaypointMarker.xib in Resources */,
				F176C8381F3D9D70008F39FD /* Assets.xcassets in Resources */,
				A260BF381F49758D0041F77A /* Graph.storyboard in Resources */,
				F176C84C1F3D9DDC008F39FD /* Main.storyboard in Resources */,
				F176C84B1F3D9DDC008F39FD /* LaunchScreen.storyboard in Resources */,
				F176C84D1F3D9DDC008F39FD /* MarkerInfoWindow.xib in Resources */,
				F176C84A1F3D9DDC008F39FD /* History.storyboard in Resources */,
				F176C84E1F3D9DDC008F39FD /* Navigation.storyboard in Resources */,
			);
			runOnlyForDeploymentPostprocessing = 0;
		};
/* End PBXResourcesBuildPhase section */

/* Begin PBXShellScriptBuildPhase section */
		15C4A209F1BBF9D9B000DCAB /* [CP] Copy Pods Resources */ = {
			isa = PBXShellScriptBuildPhase;
			buildActionMask = 2147483647;
			files = (
			);
			inputPaths = (
				"${SRCROOT}/Pods/Target Support Files/Pods-Bipeople/Pods-Bipeople-resources.sh",
				"${PODS_ROOT}/GoogleMaps/Maps/Frameworks/GoogleMaps.framework/Resources/GoogleMaps.bundle",
				"${PODS_ROOT}/GooglePlacePicker/Frameworks/GooglePlacePicker.framework/Resources/GooglePlacePicker.bundle",
				"${PODS_ROOT}/GooglePlaces/Frameworks/GooglePlaces.framework/Resources/GooglePlaces.bundle",
			);
			name = "[CP] Copy Pods Resources";
			outputPaths = (
				"${TARGET_BUILD_DIR}/${UNLOCALIZED_RESOURCES_FOLDER_PATH}",
			);
			runOnlyForDeploymentPostprocessing = 0;
			shellPath = /bin/sh;
			shellScript = "\"${SRCROOT}/Pods/Target Support Files/Pods-Bipeople/Pods-Bipeople-resources.sh\"\n";
			showEnvVarsInLog = 0;
		};
		4B40915EB17413FB7590EBC2 /* [CP] Embed Pods Frameworks */ = {
			isa = PBXShellScriptBuildPhase;
			buildActionMask = 2147483647;
			files = (
			);
			inputPaths = (
				"${SRCROOT}/Pods/Target Support Files/Pods-Bipeople/Pods-Bipeople-frameworks.sh",
				"${BUILT_PRODUCTS_DIR}/Alamofire/Alamofire.framework",
				"${BUILT_PRODUCTS_DIR}/FSCalendar/FSCalendar.framework",
				"${BUILT_PRODUCTS_DIR}/MarqueeLabel/MarqueeLabel.framework",
				"${BUILT_PRODUCTS_DIR}/Realm/Realm.framework",
				"${BUILT_PRODUCTS_DIR}/RealmGeoQueries/GeoQueries.framework",
				"${BUILT_PRODUCTS_DIR}/RealmSwift/RealmSwift.framework",
				"${BUILT_PRODUCTS_DIR}/ScrollableGraphView/ScrollableGraphView.framework",
			);
			name = "[CP] Embed Pods Frameworks";
			outputPaths = (
				"${TARGET_BUILD_DIR}/${FRAMEWORKS_FOLDER_PATH}/Alamofire.framework",
				"${TARGET_BUILD_DIR}/${FRAMEWORKS_FOLDER_PATH}/FSCalendar.framework",
				"${TARGET_BUILD_DIR}/${FRAMEWORKS_FOLDER_PATH}/MarqueeLabel.framework",
				"${TARGET_BUILD_DIR}/${FRAMEWORKS_FOLDER_PATH}/Realm.framework",
				"${TARGET_BUILD_DIR}/${FRAMEWORKS_FOLDER_PATH}/GeoQueries.framework",
				"${TARGET_BUILD_DIR}/${FRAMEWORKS_FOLDER_PATH}/RealmSwift.framework",
				"${TARGET_BUILD_DIR}/${FRAMEWORKS_FOLDER_PATH}/ScrollableGraphView.framework",
			);
			runOnlyForDeploymentPostprocessing = 0;
			shellPath = /bin/sh;
			shellScript = "\"${SRCROOT}/Pods/Target Support Files/Pods-Bipeople/Pods-Bipeople-frameworks.sh\"\n";
			showEnvVarsInLog = 0;
		};
		7588AF5C94F67D9DB5B185BC /* [CP] Check Pods Manifest.lock */ = {
			isa = PBXShellScriptBuildPhase;
			buildActionMask = 2147483647;
			files = (
			);
			inputPaths = (
				"${PODS_PODFILE_DIR_PATH}/Podfile.lock",
				"${PODS_ROOT}/Manifest.lock",
			);
			name = "[CP] Check Pods Manifest.lock";
			outputPaths = (
				"$(DERIVED_FILE_DIR)/Pods-Bipeople-checkManifestLockResult.txt",
			);
			runOnlyForDeploymentPostprocessing = 0;
			shellPath = /bin/sh;
			shellScript = "diff \"${PODS_PODFILE_DIR_PATH}/Podfile.lock\" \"${PODS_ROOT}/Manifest.lock\" > /dev/null\nif [ $? != 0 ] ; then\n    # print error to STDERR\n    echo \"error: The sandbox is not in sync with the Podfile.lock. Run 'pod install' or update your CocoaPods installation.\" >&2\n    exit 1\nfi\n# This output is used by Xcode 'outputs' to avoid re-running this script phase.\necho \"SUCCESS\" > \"${SCRIPT_OUTPUT_FILE_0}\"\n";
			showEnvVarsInLog = 0;
		};
/* End PBXShellScriptBuildPhase section */

/* Begin PBXSourcesBuildPhase section */
		30E82D7C1F38224B00536AFB /* Sources */ = {
			isa = PBXSourcesBuildPhase;
			buildActionMask = 2147483647;
			files = (
				F135BE8D1F45B4B100F89A53 /* PublicPlace.swift in Sources */,
				F135BE8E1F45B4B100F89A53 /* PublicStore.swift in Sources */,
				F135BE8F1F45B4B100F89A53 /* PublicToilet.swift in Sources */,
				F135BE901F45B4B100F89A53 /* PublicWiFi.swift in Sources */,
				A2384C4E1F4D65F100009131 /* WaypointMarker.swift in Sources */,
				F18C67261F3A6C3D00F18762 /* BiPeopleNavigationViewController.swift in Sources */,
				F14C71B71F3F15EF005015B1 /* Geometry.swift in Sources */,
				F19060AF1F3C94DE00DB67B8 /* MarkerInfoWindow.swift in Sources */,
				F14C71B31F3ED1C6005015B1 /* GeoJSON.swift in Sources */,
				A219812F1F39772700D0F5F7 /* HistoryDetailViewController.swift in Sources */,
				A219812D1F39771E00D0F5F7 /* HistoryTableViewController.swift in Sources */,
				A2F35C111F447CF00016F1AF /* AnimatedLabel.swift in Sources */,
				A2A299381F3C45D200E31ED9 /* Record.swift in Sources */,
				A21981291F3972FC00D0F5F7 /* HistoryCell.swift in Sources */,
				F14C71B91F3F1627005015B1 /* Properties.swift in Sources */,
				302016231F3C23FA0073A493 /* RealmHelper.swift in Sources */,
				A2A2993D1F3C6CF300E31ED9 /* NavigationManager.swift in Sources */,
				A2560E931F4975F4003C17C5 /* GraphViewController.swift in Sources */,
				A219812B1F39730C00D0F5F7 /* CardView.swift in Sources */,
				F1E1FD4A1F55CD0000B98604 /* GraphView.swift in Sources */,
				F14C71B51F3ED200005015B1 /* Feature.swift in Sources */,
				A2A2993A1F3C45D700E31ED9 /* Trace.swift in Sources */,
				F11F51D81F45CD7800429741 /* PlaceDetailViewController.swift in Sources */,
				30E82D841F38224B00536AFB /* AppDelegate.swift in Sources */,
				A258388C1F39A11A00BECEA3 /* Extensions.swift in Sources */,
				F144B8CA1F4A9CB00010AE31 /* SpeechHelper.swift in Sources */,
			);
			runOnlyForDeploymentPostprocessing = 0;
		};
/* End PBXSourcesBuildPhase section */

/* Begin PBXVariantGroup section */
		A260BF361F49758D0041F77A /* Graph.storyboard */ = {
			isa = PBXVariantGroup;
			children = (
				A260BF371F49758D0041F77A /* Base */,
				F11635CA1F4D855300B53263 /* ko */,
			);
			name = Graph.storyboard;
			sourceTree = "<group>";
		};
		F12151F71F504789004BE7F9 /* WaypointMarker.xib */ = {
			isa = PBXVariantGroup;
			children = (
				F12151F81F504789004BE7F9 /* Base */,
			);
			name = WaypointMarker.xib;
			sourceTree = "<group>";
		};
		F176C83E1F3D9DD8008F39FD /* Navigation.storyboard */ = {
			isa = PBXVariantGroup;
			children = (
				F176C83F1F3D9DD8008F39FD /* Base */,
				F11635C81F4D855300B53263 /* ko */,
			);
			name = Navigation.storyboard;
			sourceTree = "<group>";
		};
		F176C8421F3D9DD8008F39FD /* Main.storyboard */ = {
			isa = PBXVariantGroup;
			children = (
				F176C8431F3D9DD8008F39FD /* Base */,
				F11635C71F4D855300B53263 /* ko */,
			);
			name = Main.storyboard;
			sourceTree = "<group>";
		};
		F176C8441F3D9DD9008F39FD /* MarkerInfoWindow.xib */ = {
			isa = PBXVariantGroup;
			children = (
				F176C8451F3D9DD9008F39FD /* Base */,
				F11635CC1F4D855400B53263 /* ko */,
			);
			name = MarkerInfoWindow.xib;
			sourceTree = "<group>";
		};
		F176C8461F3D9DD9008F39FD /* History.storyboard */ = {
			isa = PBXVariantGroup;
			children = (
				F176C8471F3D9DD9008F39FD /* Base */,
				F11635C91F4D855300B53263 /* ko */,
			);
			name = History.storyboard;
			sourceTree = "<group>";
		};
		F176C8481F3D9DD9008F39FD /* LaunchScreen.storyboard */ = {
			isa = PBXVariantGroup;
			children = (
				F176C8491F3D9DD9008F39FD /* Base */,
				F11635C61F4D855300B53263 /* ko */,
			);
			name = LaunchScreen.storyboard;
			sourceTree = "<group>";
		};
/* End PBXVariantGroup section */

/* Begin XCBuildConfiguration section */
		30E82D901F38224B00536AFB /* Debug */ = {
			isa = XCBuildConfiguration;
			buildSettings = {
				ALWAYS_SEARCH_USER_PATHS = NO;
				CLANG_ANALYZER_NONNULL = YES;
				CLANG_ANALYZER_NUMBER_OBJECT_CONVERSION = YES_AGGRESSIVE;
				CLANG_CXX_LANGUAGE_STANDARD = "gnu++0x";
				CLANG_CXX_LIBRARY = "libc++";
				CLANG_ENABLE_MODULES = YES;
				CLANG_ENABLE_OBJC_ARC = YES;
				CLANG_WARN_BLOCK_CAPTURE_AUTORELEASING = YES;
				CLANG_WARN_BOOL_CONVERSION = YES;
				CLANG_WARN_COMMA = YES;
				CLANG_WARN_CONSTANT_CONVERSION = YES;
				CLANG_WARN_DIRECT_OBJC_ISA_USAGE = YES_ERROR;
				CLANG_WARN_DOCUMENTATION_COMMENTS = YES;
				CLANG_WARN_EMPTY_BODY = YES;
				CLANG_WARN_ENUM_CONVERSION = YES;
				CLANG_WARN_INFINITE_RECURSION = YES;
				CLANG_WARN_INT_CONVERSION = YES;
				CLANG_WARN_NON_LITERAL_NULL_CONVERSION = YES;
				CLANG_WARN_OBJC_LITERAL_CONVERSION = YES;
				CLANG_WARN_OBJC_ROOT_CLASS = YES_ERROR;
				CLANG_WARN_RANGE_LOOP_ANALYSIS = YES;
				CLANG_WARN_STRICT_PROTOTYPES = YES;
				CLANG_WARN_SUSPICIOUS_MOVE = YES;
				CLANG_WARN_UNREACHABLE_CODE = YES;
				CLANG_WARN__DUPLICATE_METHOD_MATCH = YES;
				"CODE_SIGN_IDENTITY[sdk=iphoneos*]" = "iPhone Developer";
				COPY_PHASE_STRIP = NO;
				DEBUG_INFORMATION_FORMAT = dwarf;
				ENABLE_STRICT_OBJC_MSGSEND = YES;
				ENABLE_TESTABILITY = YES;
				GCC_C_LANGUAGE_STANDARD = gnu99;
				GCC_DYNAMIC_NO_PIC = NO;
				GCC_NO_COMMON_BLOCKS = YES;
				GCC_OPTIMIZATION_LEVEL = 0;
				GCC_PREPROCESSOR_DEFINITIONS = (
					"DEBUG=1",
					"$(inherited)",
				);
				GCC_WARN_64_TO_32_BIT_CONVERSION = YES;
				GCC_WARN_ABOUT_RETURN_TYPE = YES_ERROR;
				GCC_WARN_UNDECLARED_SELECTOR = YES;
				GCC_WARN_UNINITIALIZED_AUTOS = YES_AGGRESSIVE;
				GCC_WARN_UNUSED_FUNCTION = YES;
				GCC_WARN_UNUSED_VARIABLE = YES;
				IPHONEOS_DEPLOYMENT_TARGET = 10.3;
				MTL_ENABLE_DEBUG_INFO = YES;
				ONLY_ACTIVE_ARCH = YES;
				SDKROOT = iphoneos;
				SWIFT_ACTIVE_COMPILATION_CONDITIONS = DEBUG;
				SWIFT_OPTIMIZATION_LEVEL = "-Onone";
				SWIFT_VERSION = 4.0;
				TARGETED_DEVICE_FAMILY = "1,2";
			};
			name = Debug;
		};
		30E82D911F38224B00536AFB /* Release */ = {
			isa = XCBuildConfiguration;
			buildSettings = {
				ALWAYS_SEARCH_USER_PATHS = NO;
				CLANG_ANALYZER_NONNULL = YES;
				CLANG_ANALYZER_NUMBER_OBJECT_CONVERSION = YES_AGGRESSIVE;
				CLANG_CXX_LANGUAGE_STANDARD = "gnu++0x";
				CLANG_CXX_LIBRARY = "libc++";
				CLANG_ENABLE_MODULES = YES;
				CLANG_ENABLE_OBJC_ARC = YES;
				CLANG_WARN_BLOCK_CAPTURE_AUTORELEASING = YES;
				CLANG_WARN_BOOL_CONVERSION = YES;
				CLANG_WARN_COMMA = YES;
				CLANG_WARN_CONSTANT_CONVERSION = YES;
				CLANG_WARN_DIRECT_OBJC_ISA_USAGE = YES_ERROR;
				CLANG_WARN_DOCUMENTATION_COMMENTS = YES;
				CLANG_WARN_EMPTY_BODY = YES;
				CLANG_WARN_ENUM_CONVERSION = YES;
				CLANG_WARN_INFINITE_RECURSION = YES;
				CLANG_WARN_INT_CONVERSION = YES;
				CLANG_WARN_NON_LITERAL_NULL_CONVERSION = YES;
				CLANG_WARN_OBJC_LITERAL_CONVERSION = YES;
				CLANG_WARN_OBJC_ROOT_CLASS = YES_ERROR;
				CLANG_WARN_RANGE_LOOP_ANALYSIS = YES;
				CLANG_WARN_STRICT_PROTOTYPES = YES;
				CLANG_WARN_SUSPICIOUS_MOVE = YES;
				CLANG_WARN_UNREACHABLE_CODE = YES;
				CLANG_WARN__DUPLICATE_METHOD_MATCH = YES;
				"CODE_SIGN_IDENTITY[sdk=iphoneos*]" = "iPhone Developer";
				COPY_PHASE_STRIP = NO;
				DEBUG_INFORMATION_FORMAT = "dwarf-with-dsym";
				ENABLE_NS_ASSERTIONS = NO;
				ENABLE_STRICT_OBJC_MSGSEND = YES;
				GCC_C_LANGUAGE_STANDARD = gnu99;
				GCC_NO_COMMON_BLOCKS = YES;
				GCC_WARN_64_TO_32_BIT_CONVERSION = YES;
				GCC_WARN_ABOUT_RETURN_TYPE = YES_ERROR;
				GCC_WARN_UNDECLARED_SELECTOR = YES;
				GCC_WARN_UNINITIALIZED_AUTOS = YES_AGGRESSIVE;
				GCC_WARN_UNUSED_FUNCTION = YES;
				GCC_WARN_UNUSED_VARIABLE = YES;
				IPHONEOS_DEPLOYMENT_TARGET = 10.3;
				MTL_ENABLE_DEBUG_INFO = NO;
				SDKROOT = iphoneos;
				SWIFT_OPTIMIZATION_LEVEL = "-Owholemodule";
				SWIFT_VERSION = 4.0;
				TARGETED_DEVICE_FAMILY = "1,2";
				VALIDATE_PRODUCT = YES;
			};
			name = Release;
		};
		30E82D931F38224B00536AFB /* Debug */ = {
			isa = XCBuildConfiguration;
			baseConfigurationReference = 615E213BC9AF36CE52DAC63F /* Pods-Bipeople.debug.xcconfig */;
			buildSettings = {
				ASSETCATALOG_COMPILER_APPICON_NAME = AppIcon;
				CLANG_ENABLE_OBJC_ARC = YES;
				DEVELOPMENT_TEAM = LGYQPRQ6SD;
				INFOPLIST_FILE = Bipeople/Info.plist;
				IPHONEOS_DEPLOYMENT_TARGET = 11.0;
				LD_RUNPATH_SEARCH_PATHS = "$(inherited) @executable_path/Frameworks";
				PRODUCT_BUNDLE_IDENTIFIER = kr.or.connect.boostcamp;
				PRODUCT_NAME = "$(TARGET_NAME)";
				SWIFT_SWIFT3_OBJC_INFERENCE = On;
				SWIFT_VERSION = 4.0;
				TARGETED_DEVICE_FAMILY = 1;
			};
			name = Debug;
		};
		30E82D941F38224B00536AFB /* Release */ = {
			isa = XCBuildConfiguration;
			baseConfigurationReference = 9D8E7CA6306F737B6C7F5B98 /* Pods-Bipeople.release.xcconfig */;
			buildSettings = {
				ASSETCATALOG_COMPILER_APPICON_NAME = AppIcon;
				CLANG_ENABLE_OBJC_ARC = YES;
				DEVELOPMENT_TEAM = LGYQPRQ6SD;
				INFOPLIST_FILE = Bipeople/Info.plist;
				IPHONEOS_DEPLOYMENT_TARGET = 11.0;
				LD_RUNPATH_SEARCH_PATHS = "$(inherited) @executable_path/Frameworks";
				PRODUCT_BUNDLE_IDENTIFIER = kr.or.connect.boostcamp;
				PRODUCT_NAME = "$(TARGET_NAME)";
				SWIFT_SWIFT3_OBJC_INFERENCE = On;
				SWIFT_VERSION = 4.0;
				TARGETED_DEVICE_FAMILY = 1;
			};
			name = Release;
		};
/* End XCBuildConfiguration section */

/* Begin XCConfigurationList section */
		30E82D7B1F38224B00536AFB /* Build configuration list for PBXProject "Bipeople" */ = {
			isa = XCConfigurationList;
			buildConfigurations = (
				30E82D901F38224B00536AFB /* Debug */,
				30E82D911F38224B00536AFB /* Release */,
			);
			defaultConfigurationIsVisible = 0;
			defaultConfigurationName = Release;
		};
		30E82D921F38224B00536AFB /* Build configuration list for PBXNativeTarget "Bipeople" */ = {
			isa = XCConfigurationList;
			buildConfigurations = (
				30E82D931F38224B00536AFB /* Debug */,
				30E82D941F38224B00536AFB /* Release */,
			);
			defaultConfigurationIsVisible = 0;
			defaultConfigurationName = Release;
		};
/* End XCConfigurationList section */
	};
	rootObject = 30E82D781F38224B00536AFB /* Project object */;
}
